
Microsoft Visual Studio Solution File, Format Version 12.00
# Visual Studio Version 16
VisualStudioVersion = 16.0.35425.106
MinimumVisualStudioVersion = 10.0.40219.1
Project("{888888A0-9F3D-457C-B088-3A5042F75D52}") = "ModelTrainerPro", "ModelTrainerPro\ModelTrainerPro.pyproj", "{EEA04C5D-448F-4FCB-B10A-F2702B663522}"
EndProject
Global
	GlobalSection(SolutionConfigurationPlatforms) = preSolution
		Debug|Any CPU = Debug|Any CPU
		Release|Any CPU = Release|Any CPU
	EndGlobalSection
	GlobalSection(ProjectConfigurationPlatforms) = postSolution
		{EEA04C5D-448F-4FCB-B10A-F2702B663522}.Debug|Any CPU.ActiveCfg = Debug|Any CPU
		{EEA04C5D-448F-4FCB-B10A-F2702B663522}.Release|Any CPU.ActiveCfg = Release|Any CPU
	EndGlobalSection
	GlobalSection(SolutionProperties) = preSolution
		HideSolutionNode = FALSE
	EndGlobalSection
	GlobalSection(ExtensibilityGlobals) = postSolution
		SolutionGuid = {C266339C-BB6D-415A-94EB-75335A47A405}
	EndGlobalSection
EndGlobal
